
Microsoft Visual Studio Solution File, Format Version 12.00
# Visual Studio Version 17
VisualStudioVersion = 17.13.35825.156 d17.13
MinimumVisualStudioVersion = 10.0.40219.1
Project("{FAE04EC0-301F-11D3-BF4B-00C04F79EFBC}") = "TemperatureApi", "TemperatureApi.csproj", "{41105FC5-D707-69DF-C432-302593C74E25}"
EndProject
Project("{FAE04EC0-301F-11D3-BF4B-00C04F79EFBC}") = "TemperatureApi.Tests", "..\TemperatureApi.Tests\TemperatureApi.Tests.csproj", "{B2E5C8A1-4F3D-4A2B-9E1F-8D7C6B5A4E3F}"
EndProject
Global
	GlobalSection(SolutionConfigurationPlatforms) = preSolution
		Debug|Any CPU = Debug|Any CPU
		Release|Any CPU = Release|Any CPU
	EndGlobalSection
	GlobalSection(ProjectConfigurationPlatforms) = postSolution
		{41105FC5-D707-69DF-C432-302593C74E25}.Debug|Any CPU.ActiveCfg = Debug|Any CPU
		{41105FC5-D707-69DF-C432-302593C74E25}.Debug|Any CPU.Build.0 = Debug|Any CPU
		{41105FC5-D707-69DF-C432-302593C74E25}.Release|Any CPU.ActiveCfg = Release|Any CPU
		{41105FC5-D707-69DF-C432-302593C74E25}.Release|Any CPU.Build.0 = Release|Any CPU
		{B2E5C8A1-4F3D-4A2B-9E1F-8D7C6B5A4E3F}.Debug|Any CPU.ActiveCfg = Debug|Any CPU
		{B2E5C8A1-4F3D-4A2B-9E1F-8D7C6B5A4E3F}.Debug|Any CPU.Build.0 = Debug|Any CPU
		{B2E5C8A1-4F3D-4A2B-9E1F-8D7C6B5A4E3F}.Release|Any CPU.ActiveCfg = Release|Any CPU
		{B2E5C8A1-4F3D-4A2B-9E1F-8D7C6B5A4E3F}.Release|Any CPU.Build.0 = Release|Any CPU
	EndGlobalSection
	GlobalSection(SolutionProperties) = preSolution
		HideSolutionNode = FALSE
	EndGlobalSection
	GlobalSection(ExtensibilityGlobals) = postSolution
		SolutionGuid = {353BA552-AA10-4B08-BAA8-04FAAA54C507}
	EndGlobalSection
EndGlobal
